<?xml version="1.0" encoding="utf-8"?>
<Project ToolsVersion="4.0" xmlns="http://schemas.microsoft.com/developer/msbuild/2003">
  <ItemGroup>
    <ClCompile Include="$(MSBuildThisFileDirectory)Character.cpp">
      <Filter>ソース</Filter>
    </ClCompile>
    <ClCompile Include="$(MSBuildThisFileDirectory)ClearStage.cpp">
      <Filter>ソース</Filter>
    </ClCompile>
    <ClCompile Include="$(MSBuildThisFileDirectory)Enemy.cpp">
      <Filter>ソース</Filter>
    </ClCompile>
    <ClCompile Include="$(MSBuildThisFileDirectory)GameOver.cpp">
      <Filter>ソース</Filter>
    </ClCompile>
    <ClCompile Include="$(MSBuildThisFileDirectory)GameStage.cpp">
      <Filter>ソース</Filter>
    </ClCompile>
    <ClCompile Include="$(MSBuildThisFileDirectory)Item.cpp">
      <Filter>ソース</Filter>
    </ClCompile>
    <ClCompile Include="$(MSBuildThisFileDirectory)MyCamera.cpp">
      <Filter>ソース</Filter>
    </ClCompile>
    <ClCompile Include="$(MSBuildThisFileDirectory)Player.cpp">
      <Filter>ソース</Filter>
    </ClCompile>
    <ClCompile Include="$(MSBuildThisFileDirectory)ProjectShader.cpp">
      <Filter>ソース</Filter>
    </ClCompile>
    <ClCompile Include="$(MSBuildThisFileDirectory)Scene.cpp">
      <Filter>ソース</Filter>
    </ClCompile>
    <ClCompile Include="$(MSBuildThisFileDirectory)Shadow.cpp">
      <Filter>ソース</Filter>
    </ClCompile>
    <ClCompile Include="$(MSBuildThisFileDirectory)StageSelect.cpp">
      <Filter>ソース</Filter>
    </ClCompile>
    <ClCompile Include="$(MSBuildThisFileDirectory)TitleStage.cpp">
      <Filter>ソース</Filter>
    </ClCompile>
    <ClCompile Include="$(MSBuildThisFileDirectory)WinMain.cpp">
      <Filter>ソース</Filter>
    </ClCompile>
    <ClCompile Include="$(MSBuildThisFileDirectory)LightController.cpp">
      <Filter>ソース</Filter>
    </ClCompile>
    <ClCompile Include="$(MSBuildThisFileDirectory)UI.cpp">
      <Filter>ソース</Filter>
    </ClCompile>
    <ClCompile Include="$(MSBuildThisFileDirectory)Fade.cpp">
      <Filter>ソース</Filter>
    </ClCompile>
    <ClCompile Include="$(MSBuildThisFileDirectory)FadeOut.cpp">
      <Filter>ソース</Filter>
    </ClCompile>
  </ItemGroup>
  <ItemGroup>
    <ClInclude Include="$(MSBuildThisFileDirectory)Character.h">
      <Filter>ヘッダー</Filter>
    </ClInclude>
    <ClInclude Include="$(MSBuildThisFileDirectory)ClearStage.h">
      <Filter>ヘッダー</Filter>
    </ClInclude>
    <ClInclude Include="$(MSBuildThisFileDirectory)Enemy.h">
      <Filter>ヘッダー</Filter>
    </ClInclude>
    <ClInclude Include="$(MSBuildThisFileDirectory)GameOver.h">
      <Filter>ヘッダー</Filter>
    </ClInclude>
    <ClInclude Include="$(MSBuildThisFileDirectory)GameStage.h">
      <Filter>ヘッダー</Filter>
    </ClInclude>
    <ClInclude Include="$(MSBuildThisFileDirectory)Item.h">
      <Filter>ヘッダー</Filter>
    </ClInclude>
    <ClInclude Include="$(MSBuildThisFileDirectory)MyCamera.h">
      <Filter>ヘッダー</Filter>
    </ClInclude>
    <ClInclude Include="$(MSBuildThisFileDirectory)Player.h">
      <Filter>ヘッダー</Filter>
    </ClInclude>
    <ClInclude Include="$(MSBuildThisFileDirectory)Project.h">
      <Filter>ヘッダー</Filter>
    </ClInclude>
    <ClInclude Include="$(MSBuildThisFileDirectory)ProjectShader.h">
      <Filter>ヘッダー</Filter>
    </ClInclude>
    <ClInclude Include="$(MSBuildThisFileDirectory)Scene.h">
      <Filter>ヘッダー</Filter>
    </ClInclude>
    <ClInclude Include="$(MSBuildThisFileDirectory)Shadow.h">
      <Filter>ヘッダー</Filter>
    </ClInclude>
    <ClInclude Include="$(MSBuildThisFileDirectory)StageSelect.h">
      <Filter>ヘッダー</Filter>
    </ClInclude>
    <ClInclude Include="$(MSBuildThisFileDirectory)TitleStage.h">
      <Filter>ヘッダー</Filter>
    </ClInclude>
    <ClInclude Include="$(MSBuildThisFileDirectory)LightController.h">
      <Filter>ヘッダー</Filter>
    </ClInclude>
    <ClInclude Include="$(MSBuildThisFileDirectory)UI.h">
      <Filter>ヘッダー</Filter>
    </ClInclude>
    <ClInclude Include="$(MSBuildThisFileDirectory)Fade.h">
      <Filter>ヘッダー</Filter>
    </ClInclude>
    <ClInclude Include="$(MSBuildThisFileDirectory)FadeOut.h">
      <Filter>ヘッダー</Filter>
    </ClInclude>
  </ItemGroup>
  <ItemGroup>
    <Filter Include="ヘッダー">
      <UniqueIdentifier>{19b657ff-a582-4309-b706-7d5bb767234f}</UniqueIdentifier>
    </Filter>
    <Filter Include="ソース">
      <UniqueIdentifier>{096f9027-9f80-4611-aa7b-b34e95e4e5ba}</UniqueIdentifier>
    </Filter>
  </ItemGroup>
</Project>